
Microsoft Visual Studio Solution File, Format Version 12.00
# Visual Studio Version 17
VisualStudioVersion = 17.9.34728.123
MinimumVisualStudioVersion = 10.0.40219.1
Project("{FAE04EC0-301F-11D3-BF4B-00C04F79EFBC}") = "UTube-Backend", "UTube-Backend.csproj", "{99AAA2FB-7945-46CC-A0E2-7EEC111CB79D}"
EndProject
Global
	GlobalSection(SolutionConfigurationPlatforms) = preSolution
		Debug|Any CPU = Debug|Any CPU
		Release|Any CPU = Release|Any CPU
	EndGlobalSection
	GlobalSection(ProjectConfigurationPlatforms) = postSolution
		{99AAA2FB-7945-46CC-A0E2-7EEC111CB79D}.Debug|Any CPU.ActiveCfg = Debug|Any CPU
		{99AAA2FB-7945-46CC-A0E2-7EEC111CB79D}.Debug|Any CPU.Build.0 = Debug|Any CPU
		{99AAA2FB-7945-46CC-A0E2-7EEC111CB79D}.Release|Any CPU.ActiveCfg = Release|Any CPU
		{99AAA2FB-7945-46CC-A0E2-7EEC111CB79D}.Release|Any CPU.Build.0 = Release|Any CPU
	EndGlobalSection
	GlobalSection(SolutionProperties) = preSolution
		HideSolutionNode = FALSE
	EndGlobalSection
	GlobalSection(ExtensibilityGlobals) = postSolution
		SolutionGuid = {E90D5D68-AC01-4638-8DFF-F1E24B5DEA5B}
	EndGlobalSection
EndGlobal
